// !$*UTF8*$!
{
	archiveVersion = 1;
	classes = {
	};
	objectVersion = 51;
	objects = {

/* Begin PBXBuildFile section */
		13076A8C22D7EDF100A3CB74 /* LoginVC.swift in Sources */ = {isa = PBXBuildFile; fileRef = 13076A8B22D7EDF100A3CB74 /* LoginVC.swift */; };
		13076A8E22D7F0ED00A3CB74 /* AuthToken.swift in Sources */ = {isa = PBXBuildFile; fileRef = 13076A8D22D7F0ED00A3CB74 /* AuthToken.swift */; };
		131AAB0E22C9A86F003E0B5B /* ModelProtocols.swift in Sources */ = {isa = PBXBuildFile; fileRef = 131AAB0D22C9A86F003E0B5B /* ModelProtocols.swift */; };
		131AAB1022C9A91B003E0B5B /* Encodable.swift in Sources */ = {isa = PBXBuildFile; fileRef = 131AAB0F22C9A91B003E0B5B /* Encodable.swift */; };
		131AAB1222C9B06D003E0B5B /* Instrument.swift in Sources */ = {isa = PBXBuildFile; fileRef = 131AAB1122C9B06D003E0B5B /* Instrument.swift */; };
		131AAB1722C9C1A0003E0B5B /* PurchaseInfo.swift in Sources */ = {isa = PBXBuildFile; fileRef = 131AAB1622C9C1A0003E0B5B /* PurchaseInfo.swift */; };
		131AAB1922C9C598003E0B5B /* GenericAsset.swift in Sources */ = {isa = PBXBuildFile; fileRef = 131AAB1822C9C598003E0B5B /* GenericAsset.swift */; };
		131AAB1B22C9C65F003E0B5B /* Locker.swift in Sources */ = {isa = PBXBuildFile; fileRef = 131AAB1A22C9C65F003E0B5B /* Locker.swift */; };
		131AAB1D22C9C838003E0B5B /* MaintenanceReport.swift in Sources */ = {isa = PBXBuildFile; fileRef = 131AAB1C22C9C838003E0B5B /* MaintenanceReport.swift */; };
		1322A8A522EF3FD800E6C122 /* AssignedStudentCellVC.swift in Sources */ = {isa = PBXBuildFile; fileRef = 1322A8A422EF3FD800E6C122 /* AssignedStudentCellVC.swift */; };
		1322A8A722EF3FE700E6C122 /* AssignedStudentCell.xib in Resources */ = {isa = PBXBuildFile; fileRef = 1322A8A622EF3FE700E6C122 /* AssignedStudentCell.xib */; };
		132C83B222DE5E7F009C82CA /* AdminDashboardVC.swift in Sources */ = {isa = PBXBuildFile; fileRef = 132C83B122DE5E7F009C82CA /* AdminDashboardVC.swift */; };
		13367F0D22E909B900A73503 /* InstrumentListVC.swift in Sources */ = {isa = PBXBuildFile; fileRef = 13367F0C22E909B900A73503 /* InstrumentListVC.swift */; };
		1339A5AC22EBD97D00AF9675 /* Enrollment.swift in Sources */ = {isa = PBXBuildFile; fileRef = 1339A5AB22EBD97D00AF9675 /* Enrollment.swift */; };
		133C329C22C95336007412CF /* AuthService.swift in Sources */ = {isa = PBXBuildFile; fileRef = 133C329B22C95336007412CF /* AuthService.swift */; };
		134DB16B2298510700B119C4 /* Student.swift in Sources */ = {isa = PBXBuildFile; fileRef = 134DB16A2298510700B119C4 /* Student.swift */; };
		13609A4D22D8D897000BCA99 /* MoyaResponse.swift in Sources */ = {isa = PBXBuildFile; fileRef = 13609A4C22D8D897000BCA99 /* MoyaResponse.swift */; };
		1365461822C91C37008C8DC1 /* StudentService.swift in Sources */ = {isa = PBXBuildFile; fileRef = 1365461722C91C37008C8DC1 /* StudentService.swift */; };
		1365461A22C92143008C8DC1 /* User.swift in Sources */ = {isa = PBXBuildFile; fileRef = 1365461922C92143008C8DC1 /* User.swift */; };
		136EBE4022CA5AF0004A97D8 /* UniformPiece.swift in Sources */ = {isa = PBXBuildFile; fileRef = 136EBE3F22CA5AF0004A97D8 /* UniformPiece.swift */; };
		13A07B5022E7A1E3001759C2 /* LaunchScreen.storyboard in Resources */ = {isa = PBXBuildFile; fileRef = 13A07B4C22E7A1E3001759C2 /* LaunchScreen.storyboard */; };
		13A07B5122E7A1E3001759C2 /* Main.storyboard in Resources */ = {isa = PBXBuildFile; fileRef = 13A07B4E22E7A1E3001759C2 /* Main.storyboard */; };
		13A7DFAC22E798A000591405 /* UniformListVC.swift in Sources */ = {isa = PBXBuildFile; fileRef = 13A7DFAB22E798A000591405 /* UniformListVC.swift */; };
		13AA4BD222E8A29800FF7473 /* UniformDetailsVC.swift in Sources */ = {isa = PBXBuildFile; fileRef = 13AA4BD122E8A29800FF7473 /* UniformDetailsVC.swift */; };
		13AA4BD422E8A42200FF7473 /* UniformCellVC.swift in Sources */ = {isa = PBXBuildFile; fileRef = 13AA4BD322E8A42200FF7473 /* UniformCellVC.swift */; };
		13AA4BD622E8A48E00FF7473 /* UniformCell.xib in Resources */ = {isa = PBXBuildFile; fileRef = 13AA4BD522E8A48E00FF7473 /* UniformCell.xib */; };
		13AA4BD922E8AB9D00FF7473 /* EnsembleListVC.swift in Sources */ = {isa = PBXBuildFile; fileRef = 13AA4BD822E8AB9D00FF7473 /* EnsembleListVC.swift */; };
		13AF7ED022EF5DDC00EB3933 /* StudentAssignVC.swift in Sources */ = {isa = PBXBuildFile; fileRef = 13AF7ECF22EF5DDC00EB3933 /* StudentAssignVC.swift */; };
		13BFF1012350244F008EB643 /* InstrumentKind.swift in Sources */ = {isa = PBXBuildFile; fileRef = 13BFF1002350244F008EB643 /* InstrumentKind.swift */; };
		13D0A5AD229DCEE600FDB509 /* URL.swift in Sources */ = {isa = PBXBuildFile; fileRef = 13D0A5AC229DCEE600FDB509 /* URL.swift */; };
		13E1C73022EFA54F00C6A9B6 /* EnrollmentService.swift in Sources */ = {isa = PBXBuildFile; fileRef = 13E1C72F22EFA54F00C6A9B6 /* EnrollmentService.swift */; };
		13E6FBA022CBEA4200C8A61C /* SampleDatabasePopulation.swift in Sources */ = {isa = PBXBuildFile; fileRef = 13E6FB9F22CBEA4200C8A61C /* SampleDatabasePopulation.swift */; };
		13E6FBA222CBF63200C8A61C /* InstrumentService.swift in Sources */ = {isa = PBXBuildFile; fileRef = 13E6FBA122CBF63200C8A61C /* InstrumentService.swift */; };
		13F0B5B922E7D20700CE565E /* ContainerViewController.swift in Sources */ = {isa = PBXBuildFile; fileRef = 13F0B5B822E7D20700CE565E /* ContainerViewController.swift */; };
		13F0B5BB22E7D24000CE565E /* ListViewController.swift in Sources */ = {isa = PBXBuildFile; fileRef = 13F0B5BA22E7D24000CE565E /* ListViewController.swift */; };
		13F0B5BD22E7D2B900CE565E /* UIView.swift in Sources */ = {isa = PBXBuildFile; fileRef = 13F0B5BC22E7D2B900CE565E /* UIView.swift */; };
		13F0B5BF22E7D2FC00CE565E /* UIViewController.swift in Sources */ = {isa = PBXBuildFile; fileRef = 13F0B5BE22E7D2FC00CE565E /* UIViewController.swift */; };
		13F0B5C122E7D38700CE565E /* UITableViewCell.swift in Sources */ = {isa = PBXBuildFile; fileRef = 13F0B5C022E7D38700CE565E /* UITableViewCell.swift */; };
		13F0B5C522E7D9C100CE565E /* InstrumentCellVC.swift in Sources */ = {isa = PBXBuildFile; fileRef = 13F0B5C422E7D9C100CE565E /* InstrumentCellVC.swift */; };
		13F0B5C722E7D9F100CE565E /* InstrumentCell.xib in Resources */ = {isa = PBXBuildFile; fileRef = 13F0B5C622E7D9F100CE565E /* InstrumentCell.xib */; };
		13F0B5CE22E7F05100CE565E /* InstrumentDetailsVC.swift in Sources */ = {isa = PBXBuildFile; fileRef = 13F0B5CD22E7F05100CE565E /* InstrumentDetailsVC.swift */; };
		732C615B9D0A8543F59F5DFE /* Pods_MobileAppTests.framework in Frameworks */ = {isa = PBXBuildFile; fileRef = C3306D73DFB9D87E140298C9 /* Pods_MobileAppTests.framework */; };
		91758BC922CC0FF200960548 /* UniformService.swift in Sources */ = {isa = PBXBuildFile; fileRef = 91758BC822CC0FF200960548 /* UniformService.swift */; };
		91A5782522E7E5EA00C23E78 /* EnsembleService.swift in Sources */ = {isa = PBXBuildFile; fileRef = 91A5782422E7E5EA00C23E78 /* EnsembleService.swift */; };
		91A5782722E8A26800C23E78 /* Ensemble.swift in Sources */ = {isa = PBXBuildFile; fileRef = 91A5782622E8A26800C23E78 /* Ensemble.swift */; };
		91A5782F22EBC16C00C23E78 /* EnsembleDetailsVC.swift in Sources */ = {isa = PBXBuildFile; fileRef = 91A5782E22EBC16C00C23E78 /* EnsembleDetailsVC.swift */; };
		91A5783122EBC5EA00C23E78 /* EnsembleCell.xib in Resources */ = {isa = PBXBuildFile; fileRef = 91A5783022EBC5E900C23E78 /* EnsembleCell.xib */; };
		91A5783322EBCF6600C23E78 /* EnsembleCellVC.swift in Sources */ = {isa = PBXBuildFile; fileRef = 91A5783222EBCF6600C23E78 /* EnsembleCellVC.swift */; };
		91DE314E22ED1AAC00E6CA88 /* RegisterVC.swift in Sources */ = {isa = PBXBuildFile; fileRef = 91DE314D22ED1AAC00E6CA88 /* RegisterVC.swift */; };
		A09BC5F3E49D556DDDB81CA5 /* Pods_MobileApp.framework in Frameworks */ = {isa = PBXBuildFile; fileRef = D9A81733A9F5199FECC44980 /* Pods_MobileApp.framework */; };
		B5D68D1322983DD200600B76 /* AppDelegate.swift in Sources */ = {isa = PBXBuildFile; fileRef = B5D68D1222983DD200600B76 /* AppDelegate.swift */; };
		B5D68D1522983DD200600B76 /* StudentDashboardVC.swift in Sources */ = {isa = PBXBuildFile; fileRef = B5D68D1422983DD200600B76 /* StudentDashboardVC.swift */; };
		B5D68D1A22983DD300600B76 /* Assets.xcassets in Resources */ = {isa = PBXBuildFile; fileRef = B5D68D1922983DD300600B76 /* Assets.xcassets */; };
		B5D68D2822983DD300600B76 /* MobileAppTests.swift in Sources */ = {isa = PBXBuildFile; fileRef = B5D68D2722983DD300600B76 /* MobileAppTests.swift */; };
/* End PBXBuildFile section */

/* Begin PBXContainerItemProxy section */
		B5D68D2422983DD300600B76 /* PBXContainerItemProxy */ = {
			isa = PBXContainerItemProxy;
			containerPortal = B5D68D0722983DD200600B76 /* Project object */;
			proxyType = 1;
			remoteGlobalIDString = B5D68D0E22983DD200600B76;
			remoteInfo = MobileApp;
		};
/* End PBXContainerItemProxy section */

/* Begin PBXFileReference section */
		0C324B0EFE131EF739112064 /* Pods-MobileApp.debug.xcconfig */ = {isa = PBXFileReference; includeInIndex = 1; lastKnownFileType = text.xcconfig; name = "Pods-MobileApp.debug.xcconfig"; path = "Pods/Target Support Files/Pods-MobileApp/Pods-MobileApp.debug.xcconfig"; sourceTree = "<group>"; };
		13076A8B22D7EDF100A3CB74 /* LoginVC.swift */ = {isa = PBXFileReference; lastKnownFileType = sourcecode.swift; path = LoginVC.swift; sourceTree = "<group>"; };
		13076A8D22D7F0ED00A3CB74 /* AuthToken.swift */ = {isa = PBXFileReference; lastKnownFileType = sourcecode.swift; path = AuthToken.swift; sourceTree = "<group>"; };
		131AAB0D22C9A86F003E0B5B /* ModelProtocols.swift */ = {isa = PBXFileReference; lastKnownFileType = sourcecode.swift; path = ModelProtocols.swift; sourceTree = "<group>"; };
		131AAB0F22C9A91B003E0B5B /* Encodable.swift */ = {isa = PBXFileReference; lastKnownFileType = sourcecode.swift; path = Encodable.swift; sourceTree = "<group>"; };
		131AAB1122C9B06D003E0B5B /* Instrument.swift */ = {isa = PBXFileReference; lastKnownFileType = sourcecode.swift; path = Instrument.swift; sourceTree = "<group>"; };
		131AAB1622C9C1A0003E0B5B /* PurchaseInfo.swift */ = {isa = PBXFileReference; lastKnownFileType = sourcecode.swift; path = PurchaseInfo.swift; sourceTree = "<group>"; };
		131AAB1822C9C598003E0B5B /* GenericAsset.swift */ = {isa = PBXFileReference; lastKnownFileType = sourcecode.swift; path = GenericAsset.swift; sourceTree = "<group>"; };
		131AAB1A22C9C65F003E0B5B /* Locker.swift */ = {isa = PBXFileReference; lastKnownFileType = sourcecode.swift; path = Locker.swift; sourceTree = "<group>"; };
		131AAB1C22C9C838003E0B5B /* MaintenanceReport.swift */ = {isa = PBXFileReference; lastKnownFileType = sourcecode.swift; path = MaintenanceReport.swift; sourceTree = "<group>"; };
		1322A8A422EF3FD800E6C122 /* AssignedStudentCellVC.swift */ = {isa = PBXFileReference; lastKnownFileType = sourcecode.swift; path = AssignedStudentCellVC.swift; sourceTree = "<group>"; };
		1322A8A622EF3FE700E6C122 /* AssignedStudentCell.xib */ = {isa = PBXFileReference; lastKnownFileType = file.xib; path = AssignedStudentCell.xib; sourceTree = "<group>"; };
		132C83B122DE5E7F009C82CA /* AdminDashboardVC.swift */ = {isa = PBXFileReference; lastKnownFileType = sourcecode.swift; path = AdminDashboardVC.swift; sourceTree = "<group>"; };
		13367F0C22E909B900A73503 /* InstrumentListVC.swift */ = {isa = PBXFileReference; fileEncoding = 4; lastKnownFileType = sourcecode.swift; path = InstrumentListVC.swift; sourceTree = "<group>"; };
		1339A5AB22EBD97D00AF9675 /* Enrollment.swift */ = {isa = PBXFileReference; lastKnownFileType = sourcecode.swift; path = Enrollment.swift; sourceTree = "<group>"; };
		133C329B22C95336007412CF /* AuthService.swift */ = {isa = PBXFileReference; lastKnownFileType = sourcecode.swift; path = AuthService.swift; sourceTree = "<group>"; };
		134DB16A2298510700B119C4 /* Student.swift */ = {isa = PBXFileReference; lastKnownFileType = sourcecode.swift; path = Student.swift; sourceTree = "<group>"; };
		13609A4C22D8D897000BCA99 /* MoyaResponse.swift */ = {isa = PBXFileReference; lastKnownFileType = sourcecode.swift; path = MoyaResponse.swift; sourceTree = "<group>"; };
		1365461722C91C37008C8DC1 /* StudentService.swift */ = {isa = PBXFileReference; lastKnownFileType = sourcecode.swift; path = StudentService.swift; sourceTree = "<group>"; };
		1365461922C92143008C8DC1 /* User.swift */ = {isa = PBXFileReference; lastKnownFileType = sourcecode.swift; path = User.swift; sourceTree = "<group>"; };
		136EBE3F22CA5AF0004A97D8 /* UniformPiece.swift */ = {isa = PBXFileReference; lastKnownFileType = sourcecode.swift; path = UniformPiece.swift; sourceTree = "<group>"; };
		13A07B4D22E7A1E3001759C2 /* Base */ = {isa = PBXFileReference; lastKnownFileType = file.storyboard; name = Base; path = Base.lproj/LaunchScreen.storyboard; sourceTree = "<group>"; };
		13A07B4F22E7A1E3001759C2 /* Base */ = {isa = PBXFileReference; lastKnownFileType = file.storyboard; name = Base; path = Base.lproj/Main.storyboard; sourceTree = "<group>"; };
		13A7DFAB22E798A000591405 /* UniformListVC.swift */ = {isa = PBXFileReference; lastKnownFileType = sourcecode.swift; path = UniformListVC.swift; sourceTree = "<group>"; };
		13AA4BD122E8A29800FF7473 /* UniformDetailsVC.swift */ = {isa = PBXFileReference; lastKnownFileType = sourcecode.swift; path = UniformDetailsVC.swift; sourceTree = "<group>"; };
		13AA4BD322E8A42200FF7473 /* UniformCellVC.swift */ = {isa = PBXFileReference; lastKnownFileType = sourcecode.swift; path = UniformCellVC.swift; sourceTree = "<group>"; };
		13AA4BD522E8A48E00FF7473 /* UniformCell.xib */ = {isa = PBXFileReference; lastKnownFileType = file.xib; path = UniformCell.xib; sourceTree = "<group>"; };
		13AA4BD822E8AB9D00FF7473 /* EnsembleListVC.swift */ = {isa = PBXFileReference; lastKnownFileType = sourcecode.swift; name = EnsembleListVC.swift; path = ../EnsembleListVC.swift; sourceTree = "<group>"; };
		13AF7ECF22EF5DDC00EB3933 /* StudentAssignVC.swift */ = {isa = PBXFileReference; lastKnownFileType = sourcecode.swift; path = StudentAssignVC.swift; sourceTree = "<group>"; };
		13BFF1002350244F008EB643 /* InstrumentKind.swift */ = {isa = PBXFileReference; lastKnownFileType = sourcecode.swift; path = InstrumentKind.swift; sourceTree = "<group>"; };
		13D0A5AC229DCEE600FDB509 /* URL.swift */ = {isa = PBXFileReference; lastKnownFileType = sourcecode.swift; path = URL.swift; sourceTree = "<group>"; };
		13E1C72F22EFA54F00C6A9B6 /* EnrollmentService.swift */ = {isa = PBXFileReference; lastKnownFileType = sourcecode.swift; path = EnrollmentService.swift; sourceTree = "<group>"; };
		13E6FB9F22CBEA4200C8A61C /* SampleDatabasePopulation.swift */ = {isa = PBXFileReference; lastKnownFileType = sourcecode.swift; path = SampleDatabasePopulation.swift; sourceTree = "<group>"; };
		13E6FBA122CBF63200C8A61C /* InstrumentService.swift */ = {isa = PBXFileReference; lastKnownFileType = sourcecode.swift; path = InstrumentService.swift; sourceTree = "<group>"; };
		13F0B5B822E7D20700CE565E /* ContainerViewController.swift */ = {isa = PBXFileReference; lastKnownFileType = sourcecode.swift; path = ContainerViewController.swift; sourceTree = "<group>"; };
		13F0B5BA22E7D24000CE565E /* ListViewController.swift */ = {isa = PBXFileReference; lastKnownFileType = sourcecode.swift; path = ListViewController.swift; sourceTree = "<group>"; };
		13F0B5BC22E7D2B900CE565E /* UIView.swift */ = {isa = PBXFileReference; lastKnownFileType = sourcecode.swift; path = UIView.swift; sourceTree = "<group>"; };
		13F0B5BE22E7D2FC00CE565E /* UIViewController.swift */ = {isa = PBXFileReference; lastKnownFileType = sourcecode.swift; path = UIViewController.swift; sourceTree = "<group>"; };
		13F0B5C022E7D38700CE565E /* UITableViewCell.swift */ = {isa = PBXFileReference; lastKnownFileType = sourcecode.swift; path = UITableViewCell.swift; sourceTree = "<group>"; };
		13F0B5C422E7D9C100CE565E /* InstrumentCellVC.swift */ = {isa = PBXFileReference; lastKnownFileType = sourcecode.swift; path = InstrumentCellVC.swift; sourceTree = "<group>"; };
		13F0B5C622E7D9F100CE565E /* InstrumentCell.xib */ = {isa = PBXFileReference; lastKnownFileType = file.xib; path = InstrumentCell.xib; sourceTree = "<group>"; };
		13F0B5CD22E7F05100CE565E /* InstrumentDetailsVC.swift */ = {isa = PBXFileReference; lastKnownFileType = sourcecode.swift; path = InstrumentDetailsVC.swift; sourceTree = "<group>"; };
		3BBC0AEB1EFE3A9BEA6DD9AA /* Pods-MobileAppTests.debug.xcconfig */ = {isa = PBXFileReference; includeInIndex = 1; lastKnownFileType = text.xcconfig; name = "Pods-MobileAppTests.debug.xcconfig"; path = "Pods/Target Support Files/Pods-MobileAppTests/Pods-MobileAppTests.debug.xcconfig"; sourceTree = "<group>"; };
		479325CC4750A5F4B87F1198 /* Pods-MobileApp.release.xcconfig */ = {isa = PBXFileReference; includeInIndex = 1; lastKnownFileType = text.xcconfig; name = "Pods-MobileApp.release.xcconfig"; path = "Pods/Target Support Files/Pods-MobileApp/Pods-MobileApp.release.xcconfig"; sourceTree = "<group>"; };
		91758BC822CC0FF200960548 /* UniformService.swift */ = {isa = PBXFileReference; lastKnownFileType = sourcecode.swift; path = UniformService.swift; sourceTree = "<group>"; };
		91A5782422E7E5EA00C23E78 /* EnsembleService.swift */ = {isa = PBXFileReference; lastKnownFileType = sourcecode.swift; path = EnsembleService.swift; sourceTree = "<group>"; };
		91A5782622E8A26800C23E78 /* Ensemble.swift */ = {isa = PBXFileReference; lastKnownFileType = sourcecode.swift; path = Ensemble.swift; sourceTree = "<group>"; };
		91A5782E22EBC16C00C23E78 /* EnsembleDetailsVC.swift */ = {isa = PBXFileReference; lastKnownFileType = sourcecode.swift; path = EnsembleDetailsVC.swift; sourceTree = "<group>"; };
		91A5783022EBC5E900C23E78 /* EnsembleCell.xib */ = {isa = PBXFileReference; lastKnownFileType = file.xib; path = EnsembleCell.xib; sourceTree = "<group>"; };
		91A5783222EBCF6600C23E78 /* EnsembleCellVC.swift */ = {isa = PBXFileReference; lastKnownFileType = sourcecode.swift; path = EnsembleCellVC.swift; sourceTree = "<group>"; };
		91DE314D22ED1AAC00E6CA88 /* RegisterVC.swift */ = {isa = PBXFileReference; lastKnownFileType = sourcecode.swift; name = RegisterVC.swift; path = ../../RegisterVC.swift; sourceTree = "<group>"; };
		B5D68D0F22983DD200600B76 /* MobileApp.app */ = {isa = PBXFileReference; explicitFileType = wrapper.application; includeInIndex = 0; path = MobileApp.app; sourceTree = BUILT_PRODUCTS_DIR; };
		B5D68D1222983DD200600B76 /* AppDelegate.swift */ = {isa = PBXFileReference; lastKnownFileType = sourcecode.swift; path = AppDelegate.swift; sourceTree = "<group>"; };
		B5D68D1422983DD200600B76 /* StudentDashboardVC.swift */ = {isa = PBXFileReference; lastKnownFileType = sourcecode.swift; path = StudentDashboardVC.swift; sourceTree = "<group>"; };
		B5D68D1922983DD300600B76 /* Assets.xcassets */ = {isa = PBXFileReference; lastKnownFileType = folder.assetcatalog; path = Assets.xcassets; sourceTree = "<group>"; };
		B5D68D1E22983DD300600B76 /* Info.plist */ = {isa = PBXFileReference; lastKnownFileType = text.plist.xml; path = Info.plist; sourceTree = "<group>"; };
		B5D68D2322983DD300600B76 /* MobileAppTests.xctest */ = {isa = PBXFileReference; explicitFileType = wrapper.cfbundle; includeInIndex = 0; path = MobileAppTests.xctest; sourceTree = BUILT_PRODUCTS_DIR; };
		B5D68D2722983DD300600B76 /* MobileAppTests.swift */ = {isa = PBXFileReference; lastKnownFileType = sourcecode.swift; path = MobileAppTests.swift; sourceTree = "<group>"; };
		B5D68D2922983DD300600B76 /* Info.plist */ = {isa = PBXFileReference; lastKnownFileType = text.plist.xml; path = Info.plist; sourceTree = "<group>"; };
		C3306D73DFB9D87E140298C9 /* Pods_MobileAppTests.framework */ = {isa = PBXFileReference; explicitFileType = wrapper.framework; includeInIndex = 0; path = Pods_MobileAppTests.framework; sourceTree = BUILT_PRODUCTS_DIR; };
		D9A81733A9F5199FECC44980 /* Pods_MobileApp.framework */ = {isa = PBXFileReference; explicitFileType = wrapper.framework; includeInIndex = 0; path = Pods_MobileApp.framework; sourceTree = BUILT_PRODUCTS_DIR; };
		E56F479F9152830B1D2D5FAF /* Pods-MobileAppTests.release.xcconfig */ = {isa = PBXFileReference; includeInIndex = 1; lastKnownFileType = text.xcconfig; name = "Pods-MobileAppTests.release.xcconfig"; path = "Pods/Target Support Files/Pods-MobileAppTests/Pods-MobileAppTests.release.xcconfig"; sourceTree = "<group>"; };
/* End PBXFileReference section */

/* Begin PBXFrameworksBuildPhase section */
		B5D68D0C22983DD200600B76 /* Frameworks */ = {
			isa = PBXFrameworksBuildPhase;
			buildActionMask = 2147483647;
			files = (
				A09BC5F3E49D556DDDB81CA5 /* Pods_MobileApp.framework in Frameworks */,
			);
			runOnlyForDeploymentPostprocessing = 0;
		};
		B5D68D2022983DD300600B76 /* Frameworks */ = {
			isa = PBXFrameworksBuildPhase;
			buildActionMask = 2147483647;
			files = (
				732C615B9D0A8543F59F5DFE /* Pods_MobileAppTests.framework in Frameworks */,
			);
			runOnlyForDeploymentPostprocessing = 0;
		};
/* End PBXFrameworksBuildPhase section */

/* Begin PBXGroup section */
		11E6C898C89F62AD601755B6 /* Frameworks */ = {
			isa = PBXGroup;
			children = (
				D9A81733A9F5199FECC44980 /* Pods_MobileApp.framework */,
				C3306D73DFB9D87E140298C9 /* Pods_MobileAppTests.framework */,
			);
			name = Frameworks;
			sourceTree = "<group>";
		};
		1322A8A322EF3FC200E6C122 /* Enrollments */ = {
			isa = PBXGroup;
			children = (
				1322A8A422EF3FD800E6C122 /* AssignedStudentCellVC.swift */,
				1322A8A622EF3FE700E6C122 /* AssignedStudentCell.xib */,
				13AF7ECF22EF5DDC00EB3933 /* StudentAssignVC.swift */,
			);
			path = Enrollments;
			sourceTree = "<group>";
		};
		1365461622C91C17008C8DC1 /* API Services */ = {
			isa = PBXGroup;
			children = (
				1365461722C91C37008C8DC1 /* StudentService.swift */,
				133C329B22C95336007412CF /* AuthService.swift */,
				13E6FBA122CBF63200C8A61C /* InstrumentService.swift */,
				91758BC822CC0FF200960548 /* UniformService.swift */,
				91A5782422E7E5EA00C23E78 /* EnsembleService.swift */,
				13E1C72F22EFA54F00C6A9B6 /* EnrollmentService.swift */,
			);
			path = "API Services";
			sourceTree = "<group>";
		};
		13AA4BD022E8A27A00FF7473 /* Uniforms */ = {
			isa = PBXGroup;
			children = (
				13AA4BD122E8A29800FF7473 /* UniformDetailsVC.swift */,
				13A7DFAB22E798A000591405 /* UniformListVC.swift */,
				13AA4BD322E8A42200FF7473 /* UniformCellVC.swift */,
				13AA4BD522E8A48E00FF7473 /* UniformCell.xib */,
			);
			path = Uniforms;
			sourceTree = "<group>";
		};
		13D0A5A9229DCE7300FDB509 /* Extensions */ = {
			isa = PBXGroup;
			children = (
				13D0A5AC229DCEE600FDB509 /* URL.swift */,
				131AAB0F22C9A91B003E0B5B /* Encodable.swift */,
				13609A4C22D8D897000BCA99 /* MoyaResponse.swift */,
				13F0B5BC22E7D2B900CE565E /* UIView.swift */,
				13F0B5BE22E7D2FC00CE565E /* UIViewController.swift */,
				13F0B5C022E7D38700CE565E /* UITableViewCell.swift */,
			);
			path = Extensions;
			sourceTree = "<group>";
		};
		13E6FB9E22CBEA0E00C8A61C /* Sample Data */ = {
			isa = PBXGroup;
			children = (
				13E6FB9F22CBEA4200C8A61C /* SampleDatabasePopulation.swift */,
			);
			path = "Sample Data";
			sourceTree = "<group>";
		};
		13F0B5C222E7D4F500CE565E /* Container VCs */ = {
			isa = PBXGroup;
			children = (
				13F0B5B822E7D20700CE565E /* ContainerViewController.swift */,
				13F0B5BA22E7D24000CE565E /* ListViewController.swift */,
			);
			path = "Container VCs";
			sourceTree = "<group>";
		};
		13F0B5C322E7D50A00CE565E /* Instruments */ = {
			isa = PBXGroup;
			children = (
				13367F0C22E909B900A73503 /* InstrumentListVC.swift */,
				13F0B5C422E7D9C100CE565E /* InstrumentCellVC.swift */,
				13F0B5C622E7D9F100CE565E /* InstrumentCell.xib */,
				13F0B5CD22E7F05100CE565E /* InstrumentDetailsVC.swift */,
			);
			path = Instruments;
			sourceTree = "<group>";
		};
		91A5782B22EBB37900C23E78 /* Ensembles */ = {
			isa = PBXGroup;
			children = (
				1322A8A322EF3FC200E6C122 /* Enrollments */,
				13AA4BD822E8AB9D00FF7473 /* EnsembleListVC.swift */,
				91A5783222EBCF6600C23E78 /* EnsembleCellVC.swift */,
				91A5782E22EBC16C00C23E78 /* EnsembleDetailsVC.swift */,
				91A5783022EBC5E900C23E78 /* EnsembleCell.xib */,
			);
			path = Ensembles;
			sourceTree = "<group>";
		};
		B45693B380EEE561EB583D06 /* Pods */ = {
			isa = PBXGroup;
			children = (
				0C324B0EFE131EF739112064 /* Pods-MobileApp.debug.xcconfig */,
				479325CC4750A5F4B87F1198 /* Pods-MobileApp.release.xcconfig */,
				3BBC0AEB1EFE3A9BEA6DD9AA /* Pods-MobileAppTests.debug.xcconfig */,
				E56F479F9152830B1D2D5FAF /* Pods-MobileAppTests.release.xcconfig */,
			);
			name = Pods;
			sourceTree = "<group>";
		};
		B5D68D0622983DD200600B76 = {
			isa = PBXGroup;
			children = (
				B5D68D1122983DD200600B76 /* MobileApp */,
				B5D68D2622983DD300600B76 /* MobileAppTests */,
				B5D68D1022983DD200600B76 /* Products */,
				B45693B380EEE561EB583D06 /* Pods */,
				11E6C898C89F62AD601755B6 /* Frameworks */,
			);
			sourceTree = "<group>";
		};
		B5D68D1022983DD200600B76 /* Products */ = {
			isa = PBXGroup;
			children = (
				B5D68D0F22983DD200600B76 /* MobileApp.app */,
				B5D68D2322983DD300600B76 /* MobileAppTests.xctest */,
			);
			name = Products;
			sourceTree = "<group>";
		};
		B5D68D1122983DD200600B76 /* MobileApp */ = {
			isa = PBXGroup;
			children = (
				B5D68D1222983DD200600B76 /* AppDelegate.swift */,
				B5D68D1922983DD300600B76 /* Assets.xcassets */,
				B5D68D1E22983DD300600B76 /* Info.plist */,
				B5D68D3522983E6900600B76 /* View Controllers */,
				1365461622C91C17008C8DC1 /* API Services */,
				B5D68D3422983E5600600B76 /* Views */,
				B5D68D3222983E4700600B76 /* Models */,
				13D0A5A9229DCE7300FDB509 /* Extensions */,
				13E6FB9E22CBEA0E00C8A61C /* Sample Data */,
			);
			path = MobileApp;
			sourceTree = "<group>";
		};
		B5D68D2622983DD300600B76 /* MobileAppTests */ = {
			isa = PBXGroup;
			children = (
				B5D68D2722983DD300600B76 /* MobileAppTests.swift */,
				B5D68D2922983DD300600B76 /* Info.plist */,
			);
			path = MobileAppTests;
			sourceTree = "<group>";
		};
		B5D68D3222983E4700600B76 /* Models */ = {
			isa = PBXGroup;
			children = (
				134DB16A2298510700B119C4 /* Student.swift */,
				1365461922C92143008C8DC1 /* User.swift */,
				131AAB0D22C9A86F003E0B5B /* ModelProtocols.swift */,
				131AAB1122C9B06D003E0B5B /* Instrument.swift */,
				13BFF1002350244F008EB643 /* InstrumentKind.swift */,
				131AAB1622C9C1A0003E0B5B /* PurchaseInfo.swift */,
				131AAB1822C9C598003E0B5B /* GenericAsset.swift */,
				131AAB1A22C9C65F003E0B5B /* Locker.swift */,
				131AAB1C22C9C838003E0B5B /* MaintenanceReport.swift */,
				136EBE3F22CA5AF0004A97D8 /* UniformPiece.swift */,
				13076A8D22D7F0ED00A3CB74 /* AuthToken.swift */,
				91A5782622E8A26800C23E78 /* Ensemble.swift */,
				1339A5AB22EBD97D00AF9675 /* Enrollment.swift */,
			);
			path = Models;
			sourceTree = "<group>";
		};
		B5D68D3422983E5600600B76 /* Views */ = {
			isa = PBXGroup;
			children = (
				13A07B4C22E7A1E3001759C2 /* LaunchScreen.storyboard */,
				13A07B4E22E7A1E3001759C2 /* Main.storyboard */,
			);
			path = Views;
			sourceTree = "<group>";
		};
		B5D68D3522983E6900600B76 /* View Controllers */ = {
			isa = PBXGroup;
			children = (
				91A5782B22EBB37900C23E78 /* Ensembles */,
				13AA4BD022E8A27A00FF7473 /* Uniforms */,
				13F0B5C322E7D50A00CE565E /* Instruments */,
				13F0B5C222E7D4F500CE565E /* Container VCs */,
				B5D68D1422983DD200600B76 /* StudentDashboardVC.swift */,
				132C83B122DE5E7F009C82CA /* AdminDashboardVC.swift */,
				91DE314D22ED1AAC00E6CA88 /* RegisterVC.swift */,
				13076A8B22D7EDF100A3CB74 /* LoginVC.swift */,
			);
			path = "View Controllers";
			sourceTree = "<group>";
		};
/* End PBXGroup section */

/* Begin PBXNativeTarget section */
		B5D68D0E22983DD200600B76 /* MobileApp */ = {
			isa = PBXNativeTarget;
			buildConfigurationList = B5D68D2C22983DD300600B76 /* Build configuration list for PBXNativeTarget "MobileApp" */;
			buildPhases = (
				54693DA12617233857AD5BF5 /* [CP] Check Pods Manifest.lock */,
				B5D68D0B22983DD200600B76 /* Sources */,
				B5D68D0C22983DD200600B76 /* Frameworks */,
				B5D68D0D22983DD200600B76 /* Resources */,
				EEA8EBACB62BD494380BA96C /* [CP] Embed Pods Frameworks */,
				131AAB1522C9BA57003E0B5B /* ShellScript */,
			);
			buildRules = (
			);
			dependencies = (
			);
			name = MobileApp;
			productName = MobileApp;
			productReference = B5D68D0F22983DD200600B76 /* MobileApp.app */;
			productType = "com.apple.product-type.application";
		};
		B5D68D2222983DD300600B76 /* MobileAppTests */ = {
			isa = PBXNativeTarget;
			buildConfigurationList = B5D68D2F22983DD300600B76 /* Build configuration list for PBXNativeTarget "MobileAppTests" */;
			buildPhases = (
				B35C8D87E82EB3D3EAAC5664 /* [CP] Check Pods Manifest.lock */,
				B5D68D1F22983DD300600B76 /* Sources */,
				B5D68D2022983DD300600B76 /* Frameworks */,
				B5D68D2122983DD300600B76 /* Resources */,
			);
			buildRules = (
			);
			dependencies = (
				B5D68D2522983DD300600B76 /* PBXTargetDependency */,
			);
			name = MobileAppTests;
			productName = MobileAppTests;
			productReference = B5D68D2322983DD300600B76 /* MobileAppTests.xctest */;
			productType = "com.apple.product-type.bundle.unit-test";
		};
/* End PBXNativeTarget section */

/* Begin PBXProject section */
		B5D68D0722983DD200600B76 /* Project object */ = {
			isa = PBXProject;
			attributes = {
				LastSwiftUpdateCheck = 1020;
				LastUpgradeCheck = 1020;
				ORGANIZATIONNAME = UCBearcatBandsDev;
				TargetAttributes = {
					B5D68D0E22983DD200600B76 = {
						CreatedOnToolsVersion = 10.2.1;
					};
					B5D68D2222983DD300600B76 = {
						CreatedOnToolsVersion = 10.2.1;
						TestTargetID = B5D68D0E22983DD200600B76;
					};
				};
			};
			buildConfigurationList = B5D68D0A22983DD200600B76 /* Build configuration list for PBXProject "MobileApp" */;
			compatibilityVersion = "Xcode 9.3";
			developmentRegion = en;
			hasScannedForEncodings = 0;
			knownRegions = (
				en,
				Base,
			);
			mainGroup = B5D68D0622983DD200600B76;
			productRefGroup = B5D68D1022983DD200600B76 /* Products */;
			projectDirPath = "";
			projectRoot = "";
			targets = (
				B5D68D0E22983DD200600B76 /* MobileApp */,
				B5D68D2222983DD300600B76 /* MobileAppTests */,
			);
		};
/* End PBXProject section */

/* Begin PBXResourcesBuildPhase section */
		B5D68D0D22983DD200600B76 /* Resources */ = {
			isa = PBXResourcesBuildPhase;
			buildActionMask = 2147483647;
			files = (
				1322A8A722EF3FE700E6C122 /* AssignedStudentCell.xib in Resources */,
				13F0B5C722E7D9F100CE565E /* InstrumentCell.xib in Resources */,
				13A07B5122E7A1E3001759C2 /* Main.storyboard in Resources */,
				13AA4BD622E8A48E00FF7473 /* UniformCell.xib in Resources */,
				B5D68D1A22983DD300600B76 /* Assets.xcassets in Resources */,
				91A5783122EBC5EA00C23E78 /* EnsembleCell.xib in Resources */,
				13A07B5022E7A1E3001759C2 /* LaunchScreen.storyboard in Resources */,
			);
			runOnlyForDeploymentPostprocessing = 0;
		};
		B5D68D2122983DD300600B76 /* Resources */ = {
			isa = PBXResourcesBuildPhase;
			buildActionMask = 2147483647;
			files = (
			);
			runOnlyForDeploymentPostprocessing = 0;
		};
/* End PBXResourcesBuildPhase section */

/* Begin PBXShellScriptBuildPhase section */
		131AAB1522C9BA57003E0B5B /* ShellScript */ = {
			isa = PBXShellScriptBuildPhase;
			buildActionMask = 2147483647;
			files = (
			);
			inputFileListPaths = (
			);
			inputPaths = (
			);
			outputFileListPaths = (
			);
			outputPaths = (
			);
			runOnlyForDeploymentPostprocessing = 0;
			shellPath = /bin/sh;
			shellScript = "# Type a script or drag a script file from your workspace to insert its path.\nTAGS=\"TODO:|FIXME:\"\nERRORTAG=\"ERROR:\"\nfind \"${SRCROOT}\" \\( -name \"*.h\" -or -name \"*.m\" -or -name \"*.swift\" \\) -print0 | xargs -0 egrep --with-filename --line-number --only-matching \"($TAGS).*\\$|($ERRORTAG).*\\$\" | perl -p -e \"s/($TAGS)/ warning: \\$1/\" | perl -p -e \"s/($ERRORTAG)/ error: \\$1/\"\n";
		};
		54693DA12617233857AD5BF5 /* [CP] Check Pods Manifest.lock */ = {
			isa = PBXShellScriptBuildPhase;
			buildActionMask = 2147483647;
			files = (
			);
			inputPaths = (
				"${PODS_PODFILE_DIR_PATH}/Podfile.lock",
				"${PODS_ROOT}/Manifest.lock",
			);
			name = "[CP] Check Pods Manifest.lock";
			outputPaths = (
				"$(DERIVED_FILE_DIR)/Pods-MobileApp-checkManifestLockResult.txt",
			);
			runOnlyForDeploymentPostprocessing = 0;
			shellPath = /bin/sh;
			shellScript = "diff \"${PODS_PODFILE_DIR_PATH}/Podfile.lock\" \"${PODS_ROOT}/Manifest.lock\" > /dev/null\nif [ $? != 0 ] ; then\n    # print error to STDERR\n    echo \"error: The sandbox is not in sync with the Podfile.lock. Run 'pod install' or update your CocoaPods installation.\" >&2\n    exit 1\nfi\n# This output is used by Xcode 'outputs' to avoid re-running this script phase.\necho \"SUCCESS\" > \"${SCRIPT_OUTPUT_FILE_0}\"\n";
			showEnvVarsInLog = 0;
		};
		B35C8D87E82EB3D3EAAC5664 /* [CP] Check Pods Manifest.lock */ = {
			isa = PBXShellScriptBuildPhase;
			buildActionMask = 2147483647;
			files = (
			);
			inputPaths = (
				"${PODS_PODFILE_DIR_PATH}/Podfile.lock",
				"${PODS_ROOT}/Manifest.lock",
			);
			name = "[CP] Check Pods Manifest.lock";
			outputPaths = (
				"$(DERIVED_FILE_DIR)/Pods-MobileAppTests-checkManifestLockResult.txt",
			);
			runOnlyForDeploymentPostprocessing = 0;
			shellPath = /bin/sh;
			shellScript = "diff \"${PODS_PODFILE_DIR_PATH}/Podfile.lock\" \"${PODS_ROOT}/Manifest.lock\" > /dev/null\nif [ $? != 0 ] ; then\n    # print error to STDERR\n    echo \"error: The sandbox is not in sync with the Podfile.lock. Run 'pod install' or update your CocoaPods installation.\" >&2\n    exit 1\nfi\n# This output is used by Xcode 'outputs' to avoid re-running this script phase.\necho \"SUCCESS\" > \"${SCRIPT_OUTPUT_FILE_0}\"\n";
			showEnvVarsInLog = 0;
		};
		EEA8EBACB62BD494380BA96C /* [CP] Embed Pods Frameworks */ = {
			isa = PBXShellScriptBuildPhase;
			buildActionMask = 2147483647;
			files = (
			);
			inputFileListPaths = (
				"${PODS_ROOT}/Target Support Files/Pods-MobileApp/Pods-MobileApp-frameworks-${CONFIGURATION}-input-files.xcfilelist",
			);
			name = "[CP] Embed Pods Frameworks";
			outputFileListPaths = (
				"${PODS_ROOT}/Target Support Files/Pods-MobileApp/Pods-MobileApp-frameworks-${CONFIGURATION}-output-files.xcfilelist",
			);
			runOnlyForDeploymentPostprocessing = 0;
			shellPath = /bin/sh;
			shellScript = "\"${PODS_ROOT}/Target Support Files/Pods-MobileApp/Pods-MobileApp-frameworks.sh\"\n";
			showEnvVarsInLog = 0;
		};
/* End PBXShellScriptBuildPhase section */

/* Begin PBXSourcesBuildPhase section */
		B5D68D0B22983DD200600B76 /* Sources */ = {
			isa = PBXSourcesBuildPhase;
			buildActionMask = 2147483647;
			files = (
				136EBE4022CA5AF0004A97D8 /* UniformPiece.swift in Sources */,
				131AAB1222C9B06D003E0B5B /* Instrument.swift in Sources */,
				132C83B222DE5E7F009C82CA /* AdminDashboardVC.swift in Sources */,
				13A7DFAC22E798A000591405 /* UniformListVC.swift in Sources */,
				1322A8A522EF3FD800E6C122 /* AssignedStudentCellVC.swift in Sources */,
				1339A5AC22EBD97D00AF9675 /* Enrollment.swift in Sources */,
				91A5782F22EBC16C00C23E78 /* EnsembleDetailsVC.swift in Sources */,
				91758BC922CC0FF200960548 /* UniformService.swift in Sources */,
				13076A8C22D7EDF100A3CB74 /* LoginVC.swift in Sources */,
				91A5783322EBCF6600C23E78 /* EnsembleCellVC.swift in Sources */,
				13BFF1012350244F008EB643 /* InstrumentKind.swift in Sources */,
				91DE314E22ED1AAC00E6CA88 /* RegisterVC.swift in Sources */,
				13F0B5BD22E7D2B900CE565E /* UIView.swift in Sources */,
				13AA4BD922E8AB9D00FF7473 /* EnsembleListVC.swift in Sources */,
				131AAB1722C9C1A0003E0B5B /* PurchaseInfo.swift in Sources */,
				13F0B5C522E7D9C100CE565E /* InstrumentCellVC.swift in Sources */,
				131AAB0E22C9A86F003E0B5B /* ModelProtocols.swift in Sources */,
				13AA4BD422E8A42200FF7473 /* UniformCellVC.swift in Sources */,
				13D0A5AD229DCEE600FDB509 /* URL.swift in Sources */,
				13609A4D22D8D897000BCA99 /* MoyaResponse.swift in Sources */,
				B5D68D1522983DD200600B76 /* StudentDashboardVC.swift in Sources */,
				131AAB1B22C9C65F003E0B5B /* Locker.swift in Sources */,
				13F0B5BF22E7D2FC00CE565E /* UIViewController.swift in Sources */,
				134DB16B2298510700B119C4 /* Student.swift in Sources */,
				13AA4BD222E8A29800FF7473 /* UniformDetailsVC.swift in Sources */,
				1365461A22C92143008C8DC1 /* User.swift in Sources */,
				91A5782722E8A26800C23E78 /* Ensemble.swift in Sources */,
				B5D68D1322983DD200600B76 /* AppDelegate.swift in Sources */,
				1365461822C91C37008C8DC1 /* StudentService.swift in Sources */,
				13367F0D22E909B900A73503 /* InstrumentListVC.swift in Sources */,
				13076A8E22D7F0ED00A3CB74 /* AuthToken.swift in Sources */,
				13E1C73022EFA54F00C6A9B6 /* EnrollmentService.swift in Sources */,
				91A5782522E7E5EA00C23E78 /* EnsembleService.swift in Sources */,
				13E6FBA022CBEA4200C8A61C /* SampleDatabasePopulation.swift in Sources */,
				13E6FBA222CBF63200C8A61C /* InstrumentService.swift in Sources */,
				133C329C22C95336007412CF /* AuthService.swift in Sources */,
				131AAB1922C9C598003E0B5B /* GenericAsset.swift in Sources */,
				13F0B5CE22E7F05100CE565E /* InstrumentDetailsVC.swift in Sources */,
				13F0B5B922E7D20700CE565E /* ContainerViewController.swift in Sources */,
				13F0B5C122E7D38700CE565E /* UITableViewCell.swift in Sources */,
				13AF7ED022EF5DDC00EB3933 /* StudentAssignVC.swift in Sources */,
				131AAB1022C9A91B003E0B5B /* Encodable.swift in Sources */,
				13F0B5BB22E7D24000CE565E /* ListViewController.swift in Sources */,
				131AAB1D22C9C838003E0B5B /* MaintenanceReport.swift in Sources */,
			);
			runOnlyForDeploymentPostprocessing = 0;
		};
		B5D68D1F22983DD300600B76 /* Sources */ = {
			isa = PBXSourcesBuildPhase;
			buildActionMask = 2147483647;
			files = (
				B5D68D2822983DD300600B76 /* MobileAppTests.swift in Sources */,
			);
			runOnlyForDeploymentPostprocessing = 0;
		};
/* End PBXSourcesBuildPhase section */

/* Begin PBXTargetDependency section */
		B5D68D2522983DD300600B76 /* PBXTargetDependency */ = {
			isa = PBXTargetDependency;
			target = B5D68D0E22983DD200600B76 /* MobileApp */;
			targetProxy = B5D68D2422983DD300600B76 /* PBXContainerItemProxy */;
		};
/* End PBXTargetDependency section */

/* Begin PBXVariantGroup section */
		13A07B4C22E7A1E3001759C2 /* LaunchScreen.storyboard */ = {
			isa = PBXVariantGroup;
			children = (
				13A07B4D22E7A1E3001759C2 /* Base */,
			);
			name = LaunchScreen.storyboard;
			sourceTree = "<group>";
		};
		13A07B4E22E7A1E3001759C2 /* Main.storyboard */ = {
			isa = PBXVariantGroup;
			children = (
				13A07B4F22E7A1E3001759C2 /* Base */,
			);
			name = Main.storyboard;
			sourceTree = "<group>";
		};
/* End PBXVariantGroup section */

/* Begin XCBuildConfiguration section */
		B5D68D2A22983DD300600B76 /* Debug */ = {
			isa = XCBuildConfiguration;
			buildSettings = {
				ALWAYS_SEARCH_USER_PATHS = NO;
				CLANG_ANALYZER_NONNULL = YES;
				CLANG_ANALYZER_NUMBER_OBJECT_CONVERSION = YES_AGGRESSIVE;
				CLANG_CXX_LANGUAGE_STANDARD = "gnu++14";
				CLANG_CXX_LIBRARY = "libc++";
				CLANG_ENABLE_MODULES = YES;
				CLANG_ENABLE_OBJC_ARC = YES;
				CLANG_ENABLE_OBJC_WEAK = YES;
				CLANG_WARN_BLOCK_CAPTURE_AUTORELEASING = YES;
				CLANG_WARN_BOOL_CONVERSION = YES;
				CLANG_WARN_COMMA = YES;
				CLANG_WARN_CONSTANT_CONVERSION = YES;
				CLANG_WARN_DEPRECATED_OBJC_IMPLEMENTATIONS = YES;
				CLANG_WARN_DIRECT_OBJC_ISA_USAGE = YES_ERROR;
				CLANG_WARN_DOCUMENTATION_COMMENTS = YES;
				CLANG_WARN_EMPTY_BODY = YES;
				CLANG_WARN_ENUM_CONVERSION = YES;
				CLANG_WARN_INFINITE_RECURSION = YES;
				CLANG_WARN_INT_CONVERSION = YES;
				CLANG_WARN_NON_LITERAL_NULL_CONVERSION = YES;
				CLANG_WARN_OBJC_IMPLICIT_RETAIN_SELF = YES;
				CLANG_WARN_OBJC_LITERAL_CONVERSION = YES;
				CLANG_WARN_OBJC_ROOT_CLASS = YES_ERROR;
				CLANG_WARN_RANGE_LOOP_ANALYSIS = YES;
				CLANG_WARN_STRICT_PROTOTYPES = YES;
				CLANG_WARN_SUSPICIOUS_MOVE = YES;
				CLANG_WARN_UNGUARDED_AVAILABILITY = YES_AGGRESSIVE;
				CLANG_WARN_UNREACHABLE_CODE = YES;
				CLANG_WARN__DUPLICATE_METHOD_MATCH = YES;
				CODE_SIGN_IDENTITY = "iPhone Developer";
				COPY_PHASE_STRIP = NO;
				DEBUG_INFORMATION_FORMAT = dwarf;
				ENABLE_STRICT_OBJC_MSGSEND = YES;
				ENABLE_TESTABILITY = YES;
				GCC_C_LANGUAGE_STANDARD = gnu11;
				GCC_DYNAMIC_NO_PIC = NO;
				GCC_NO_COMMON_BLOCKS = YES;
				GCC_OPTIMIZATION_LEVEL = 0;
				GCC_PREPROCESSOR_DEFINITIONS = (
					"DEBUG=1",
					"$(inherited)",
				);
				GCC_WARN_64_TO_32_BIT_CONVERSION = YES;
				GCC_WARN_ABOUT_RETURN_TYPE = YES_ERROR;
				GCC_WARN_UNDECLARED_SELECTOR = YES;
				GCC_WARN_UNINITIALIZED_AUTOS = YES_AGGRESSIVE;
				GCC_WARN_UNUSED_FUNCTION = YES;
				GCC_WARN_UNUSED_VARIABLE = YES;
				IPHONEOS_DEPLOYMENT_TARGET = 12.2;
				MTL_ENABLE_DEBUG_INFO = INCLUDE_SOURCE;
				MTL_FAST_MATH = YES;
				ONLY_ACTIVE_ARCH = YES;
				SDKROOT = iphoneos;
				SWIFT_ACTIVE_COMPILATION_CONDITIONS = DEBUG;
				SWIFT_OPTIMIZATION_LEVEL = "-Onone";
			};
			name = Debug;
		};
		B5D68D2B22983DD300600B76 /* Release */ = {
			isa = XCBuildConfiguration;
			buildSettings = {
				ALWAYS_SEARCH_USER_PATHS = NO;
				CLANG_ANALYZER_NONNULL = YES;
				CLANG_ANALYZER_NUMBER_OBJECT_CONVERSION = YES_AGGRESSIVE;
				CLANG_CXX_LANGUAGE_STANDARD = "gnu++14";
				CLANG_CXX_LIBRARY = "libc++";
				CLANG_ENABLE_MODULES = YES;
				CLANG_ENABLE_OBJC_ARC = YES;
				CLANG_ENABLE_OBJC_WEAK = YES;
				CLANG_WARN_BLOCK_CAPTURE_AUTORELEASING = YES;
				CLANG_WARN_BOOL_CONVERSION = YES;
				CLANG_WARN_COMMA = YES;
				CLANG_WARN_CONSTANT_CONVERSION = YES;
				CLANG_WARN_DEPRECATED_OBJC_IMPLEMENTATIONS = YES;
				CLANG_WARN_DIRECT_OBJC_ISA_USAGE = YES_ERROR;
				CLANG_WARN_DOCUMENTATION_COMMENTS = YES;
				CLANG_WARN_EMPTY_BODY = YES;
				CLANG_WARN_ENUM_CONVERSION = YES;
				CLANG_WARN_INFINITE_RECURSION = YES;
				CLANG_WARN_INT_CONVERSION = YES;
				CLANG_WARN_NON_LITERAL_NULL_CONVERSION = YES;
				CLANG_WARN_OBJC_IMPLICIT_RETAIN_SELF = YES;
				CLANG_WARN_OBJC_LITERAL_CONVERSION = YES;
				CLANG_WARN_OBJC_ROOT_CLASS = YES_ERROR;
				CLANG_WARN_RANGE_LOOP_ANALYSIS = YES;
				CLANG_WARN_STRICT_PROTOTYPES = YES;
				CLANG_WARN_SUSPICIOUS_MOVE = YES;
				CLANG_WARN_UNGUARDED_AVAILABILITY = YES_AGGRESSIVE;
				CLANG_WARN_UNREACHABLE_CODE = YES;
				CLANG_WARN__DUPLICATE_METHOD_MATCH = YES;
				CODE_SIGN_IDENTITY = "iPhone Developer";
				COPY_PHASE_STRIP = NO;
				DEBUG_INFORMATION_FORMAT = "dwarf-with-dsym";
				ENABLE_NS_ASSERTIONS = NO;
				ENABLE_STRICT_OBJC_MSGSEND = YES;
				GCC_C_LANGUAGE_STANDARD = gnu11;
				GCC_NO_COMMON_BLOCKS = YES;
				GCC_WARN_64_TO_32_BIT_CONVERSION = YES;
				GCC_WARN_ABOUT_RETURN_TYPE = YES_ERROR;
				GCC_WARN_UNDECLARED_SELECTOR = YES;
				GCC_WARN_UNINITIALIZED_AUTOS = YES_AGGRESSIVE;
				GCC_WARN_UNUSED_FUNCTION = YES;
				GCC_WARN_UNUSED_VARIABLE = YES;
				IPHONEOS_DEPLOYMENT_TARGET = 12.2;
				MTL_ENABLE_DEBUG_INFO = NO;
				MTL_FAST_MATH = YES;
				SDKROOT = iphoneos;
				SWIFT_COMPILATION_MODE = wholemodule;
				SWIFT_OPTIMIZATION_LEVEL = "-O";
				VALIDATE_PRODUCT = YES;
			};
			name = Release;
		};
		B5D68D2D22983DD300600B76 /* Debug */ = {
			isa = XCBuildConfiguration;
			baseConfigurationReference = 0C324B0EFE131EF739112064 /* Pods-MobileApp.debug.xcconfig */;
			buildSettings = {
				ASSETCATALOG_COMPILER_APPICON_NAME = AppIcon;
				CODE_SIGN_STYLE = Automatic;
				DEVELOPMENT_TEAM = AZALPYZU3U;
				INFOPLIST_FILE = MobileApp/Info.plist;
				LD_RUNPATH_SEARCH_PATHS = (
					"$(inherited)",
					"@executable_path/Frameworks",
				);
				PRODUCT_BUNDLE_IDENTIFIER = UCBearcatBandsDev.MobileApp;
				PRODUCT_NAME = "$(TARGET_NAME)";
				SWIFT_VERSION = 5.0;
				TARGETED_DEVICE_FAMILY = "1,2";
			};
			name = Debug;
		};
		B5D68D2E22983DD300600B76 /* Release */ = {
			isa = XCBuildConfiguration;
			baseConfigurationReference = 479325CC4750A5F4B87F1198 /* Pods-MobileApp.release.xcconfig */;
			buildSettings = {
				ASSETCATALOG_COMPILER_APPICON_NAME = AppIcon;
				CODE_SIGN_STYLE = Automatic;
				DEVELOPMENT_TEAM = AZALPYZU3U;
				INFOPLIST_FILE = MobileApp/Info.plist;
				LD_RUNPATH_SEARCH_PATHS = (
					"$(inherited)",
					"@executable_path/Frameworks",
				);
				PRODUCT_BUNDLE_IDENTIFIER = UCBearcatBandsDev.MobileApp;
				PRODUCT_NAME = "$(TARGET_NAME)";
				SWIFT_VERSION = 5.0;
				TARGETED_DEVICE_FAMILY = "1,2";
			};
			name = Release;
		};
		B5D68D3022983DD300600B76 /* Debug */ = {
			isa = XCBuildConfiguration;
			baseConfigurationReference = 3BBC0AEB1EFE3A9BEA6DD9AA /* Pods-MobileAppTests.debug.xcconfig */;
			buildSettings = {
				ALWAYS_EMBED_SWIFT_STANDARD_LIBRARIES = YES;
				BUNDLE_LOADER = "$(TEST_HOST)";
				CODE_SIGN_STYLE = Automatic;
				INFOPLIST_FILE = MobileAppTests/Info.plist;
				LD_RUNPATH_SEARCH_PATHS = (
					"$(inherited)",
					"@executable_path/Frameworks",
					"@loader_path/Frameworks",
				);
				PRODUCT_BUNDLE_IDENTIFIER = UCBearcatBandsDev.MobileAppTests;
				PRODUCT_NAME = "$(TARGET_NAME)";
				SWIFT_VERSION = 5.0;
				TARGETED_DEVICE_FAMILY = "1,2";
				TEST_HOST = "$(BUILT_PRODUCTS_DIR)/MobileApp.app/MobileApp";
			};
			name = Debug;
		};
		B5D68D3122983DD300600B76 /* Release */ = {
			isa = XCBuildConfiguration;
			baseConfigurationReference = E56F479F9152830B1D2D5FAF /* Pods-MobileAppTests.release.xcconfig */;
			buildSettings = {
				ALWAYS_EMBED_SWIFT_STANDARD_LIBRARIES = YES;
				BUNDLE_LOADER = "$(TEST_HOST)";
				CODE_SIGN_STYLE = Automatic;
				INFOPLIST_FILE = MobileAppTests/Info.plist;
				LD_RUNPATH_SEARCH_PATHS = (
					"$(inherited)",
					"@executable_path/Frameworks",
					"@loader_path/Frameworks",
				);
				PRODUCT_BUNDLE_IDENTIFIER = UCBearcatBandsDev.MobileAppTests;
				PRODUCT_NAME = "$(TARGET_NAME)";
				SWIFT_VERSION = 5.0;
				TARGETED_DEVICE_FAMILY = "1,2";
				TEST_HOST = "$(BUILT_PRODUCTS_DIR)/MobileApp.app/MobileApp";
			};
			name = Release;
		};
/* End XCBuildConfiguration section */

/* Begin XCConfigurationList section */
		B5D68D0A22983DD200600B76 /* Build configuration list for PBXProject "MobileApp" */ = {
			isa = XCConfigurationList;
			buildConfigurations = (
				B5D68D2A22983DD300600B76 /* Debug */,
				B5D68D2B22983DD300600B76 /* Release */,
			);
			defaultConfigurationIsVisible = 0;
			defaultConfigurationName = Release;
		};
		B5D68D2C22983DD300600B76 /* Build configuration list for PBXNativeTarget "MobileApp" */ = {
			isa = XCConfigurationList;
			buildConfigurations = (
				B5D68D2D22983DD300600B76 /* Debug */,
				B5D68D2E22983DD300600B76 /* Release */,
			);
			defaultConfigurationIsVisible = 0;
			defaultConfigurationName = Release;
		};
		B5D68D2F22983DD300600B76 /* Build configuration list for PBXNativeTarget "MobileAppTests" */ = {
			isa = XCConfigurationList;
			buildConfigurations = (
				B5D68D3022983DD300600B76 /* Debug */,
				B5D68D3122983DD300600B76 /* Release */,
			);
			defaultConfigurationIsVisible = 0;
			defaultConfigurationName = Release;
		};
/* End XCConfigurationList section */
	};
	rootObject = B5D68D0722983DD200600B76 /* Project object */;
}
